
Microsoft Visual Studio Solution File, Format Version 12.00
# Visual Studio Version 16
VisualStudioVersion = 16.0.31112.23
MinimumVisualStudioVersion = 10.0.40219.1
Project("{9A19103F-16F7-4668-BE54-9A1E7A4F7556}") = "OdeToFood", "OdeToFood\OdeToFood.csproj", "{8B8F336C-4EAE-487E-B950-96A5ABD53611}"
EndProject
Project("{9A19103F-16F7-4668-BE54-9A1E7A4F7556}") = "OdeToFood_ClassLib", "OdeToFood_ClassLib\OdeToFood_ClassLib.csproj", "{650214D0-2A61-4FCF-98B5-711837A59A25}"
EndProject
Project("{9A19103F-16F7-4668-BE54-9A1E7A4F7556}") = "OdeToFoodData", "OdeToFoodData\OdeToFoodData.csproj", "{3E75C14D-3A25-4ACA-B138-C171D4F4598A}"
EndProject
Global
	GlobalSection(SolutionConfigurationPlatforms) = preSolution
		Debug|Any CPU = Debug|Any CPU
		Release|Any CPU = Release|Any CPU
	EndGlobalSection
	GlobalSection(ProjectConfigurationPlatforms) = postSolution
		{8B8F336C-4EAE-487E-B950-96A5ABD53611}.Debug|Any CPU.ActiveCfg = Debug|Any CPU
		{8B8F336C-4EAE-487E-B950-96A5ABD53611}.Debug|Any CPU.Build.0 = Debug|Any CPU
		{8B8F336C-4EAE-487E-B950-96A5ABD53611}.Release|Any CPU.ActiveCfg = Release|Any CPU
		{8B8F336C-4EAE-487E-B950-96A5ABD53611}.Release|Any CPU.Build.0 = Release|Any CPU
		{650214D0-2A61-4FCF-98B5-711837A59A25}.Debug|Any CPU.ActiveCfg = Debug|Any CPU
		{650214D0-2A61-4FCF-98B5-711837A59A25}.Debug|Any CPU.Build.0 = Debug|Any CPU
		{650214D0-2A61-4FCF-98B5-711837A59A25}.Release|Any CPU.ActiveCfg = Release|Any CPU
		{650214D0-2A61-4FCF-98B5-711837A59A25}.Release|Any CPU.Build.0 = Release|Any CPU
		{3E75C14D-3A25-4ACA-B138-C171D4F4598A}.Debug|Any CPU.ActiveCfg = Debug|Any CPU
		{3E75C14D-3A25-4ACA-B138-C171D4F4598A}.Debug|Any CPU.Build.0 = Debug|Any CPU
		{3E75C14D-3A25-4ACA-B138-C171D4F4598A}.Release|Any CPU.ActiveCfg = Release|Any CPU
		{3E75C14D-3A25-4ACA-B138-C171D4F4598A}.Release|Any CPU.Build.0 = Release|Any CPU
	EndGlobalSection
	GlobalSection(SolutionProperties) = preSolution
		HideSolutionNode = FALSE
	EndGlobalSection
	GlobalSection(ExtensibilityGlobals) = postSolution
		SolutionGuid = {B73F8B9C-1BC1-43E2-B297-6E79762EF1F8}
	EndGlobalSection
EndGlobal
